// !$*UTF8*$!
{
	archiveVersion = 1;
	classes = {
	};
	objectVersion = 46;
	objects = {

/* Begin PBXBuildFile section */
		8354F62C1F14AAF200AC5EBC /* constants.swift in Sources */ = {isa = PBXBuildFile; fileRef = 8354F62B1F14AAF200AC5EBC /* constants.swift */; };
		8354F62E1F14B6CC00AC5EBC /* CurrentWeather.swift in Sources */ = {isa = PBXBuildFile; fileRef = 8354F62D1F14B6CC00AC5EBC /* CurrentWeather.swift */; };
		8366B8B71F154BE400162DAA /* Forecast.swift in Sources */ = {isa = PBXBuildFile; fileRef = 8366B8B61F154BE400162DAA /* Forecast.swift */; };
		8366B8B91F1561D400162DAA /* WeatherCell.swift in Sources */ = {isa = PBXBuildFile; fileRef = 8366B8B81F1561D400162DAA /* WeatherCell.swift */; };
		8366B8BB1F15BEDE00162DAA /* Location.swift in Sources */ = {isa = PBXBuildFile; fileRef = 8366B8BA1F15BEDE00162DAA /* Location.swift */; };
		83E428561F135849007532F9 /* AppDelegate.swift in Sources */ = {isa = PBXBuildFile; fileRef = 83E428551F135849007532F9 /* AppDelegate.swift */; };
		83E428581F135849007532F9 /* WeatherVC.swift in Sources */ = {isa = PBXBuildFile; fileRef = 83E428571F135849007532F9 /* WeatherVC.swift */; };
		83E4285B1F135849007532F9 /* Main.storyboard in Resources */ = {isa = PBXBuildFile; fileRef = 83E428591F135849007532F9 /* Main.storyboard */; };
		83E4285D1F135849007532F9 /* Assets.xcassets in Resources */ = {isa = PBXBuildFile; fileRef = 83E4285C1F135849007532F9 /* Assets.xcassets */; };
		83E428601F135849007532F9 /* LaunchScreen.storyboard in Resources */ = {isa = PBXBuildFile; fileRef = 83E4285E1F135849007532F9 /* LaunchScreen.storyboard */; };
		83E4286B1F135849007532F9 /* WeatherAppTests.swift in Sources */ = {isa = PBXBuildFile; fileRef = 83E4286A1F135849007532F9 /* WeatherAppTests.swift */; };
		83E428761F135849007532F9 /* WeatherAppUITests.swift in Sources */ = {isa = PBXBuildFile; fileRef = 83E428751F135849007532F9 /* WeatherAppUITests.swift */; };
		8D323AC167E33EDE50E30E25 /* Pods_WeatherApp.framework in Frameworks */ = {isa = PBXBuildFile; fileRef = 27A5027E8191C4318FB0EA77 /* Pods_WeatherApp.framework */; };
/* End PBXBuildFile section */

/* Begin PBXContainerItemProxy section */
		83E428671F135849007532F9 /* PBXContainerItemProxy */ = {
			isa = PBXContainerItemProxy;
			containerPortal = 83E4284A1F135848007532F9 /* Project object */;
			proxyType = 1;
			remoteGlobalIDString = 83E428511F135849007532F9;
			remoteInfo = WeatherApp;
		};
		83E428721F135849007532F9 /* PBXContainerItemProxy */ = {
			isa = PBXContainerItemProxy;
			containerPortal = 83E4284A1F135848007532F9 /* Project object */;
			proxyType = 1;
			remoteGlobalIDString = 83E428511F135849007532F9;
			remoteInfo = WeatherApp;
		};
/* End PBXContainerItemProxy section */

/* Begin PBXFileReference section */
		27A5027E8191C4318FB0EA77 /* Pods_WeatherApp.framework */ = {isa = PBXFileReference; explicitFileType = wrapper.framework; includeInIndex = 0; path = Pods_WeatherApp.framework; sourceTree = BUILT_PRODUCTS_DIR; };
		4497F3EA8426083D7C50D13E /* Pods-WeatherApp.release.xcconfig */ = {isa = PBXFileReference; includeInIndex = 1; lastKnownFileType = text.xcconfig; name = "Pods-WeatherApp.release.xcconfig"; path = "Pods/Target Support Files/Pods-WeatherApp/Pods-WeatherApp.release.xcconfig"; sourceTree = "<group>"; };
		8354F62B1F14AAF200AC5EBC /* constants.swift */ = {isa = PBXFileReference; fileEncoding = 4; lastKnownFileType = sourcecode.swift; path = constants.swift; sourceTree = "<group>"; };
		8354F62D1F14B6CC00AC5EBC /* CurrentWeather.swift */ = {isa = PBXFileReference; fileEncoding = 4; lastKnownFileType = sourcecode.swift; path = CurrentWeather.swift; sourceTree = "<group>"; };
		8366B8B61F154BE400162DAA /* Forecast.swift */ = {isa = PBXFileReference; fileEncoding = 4; lastKnownFileType = sourcecode.swift; path = Forecast.swift; sourceTree = "<group>"; };
		8366B8B81F1561D400162DAA /* WeatherCell.swift */ = {isa = PBXFileReference; fileEncoding = 4; lastKnownFileType = sourcecode.swift; path = WeatherCell.swift; sourceTree = "<group>"; };
		8366B8BA1F15BEDE00162DAA /* Location.swift */ = {isa = PBXFileReference; fileEncoding = 4; lastKnownFileType = sourcecode.swift; path = Location.swift; sourceTree = "<group>"; };
		83E428521F135849007532F9 /* WeatherApp.app */ = {isa = PBXFileReference; explicitFileType = wrapper.application; includeInIndex = 0; path = WeatherApp.app; sourceTree = BUILT_PRODUCTS_DIR; };
		83E428551F135849007532F9 /* AppDelegate.swift */ = {isa = PBXFileReference; lastKnownFileType = sourcecode.swift; path = AppDelegate.swift; sourceTree = "<group>"; };
		83E428571F135849007532F9 /* WeatherVC.swift */ = {isa = PBXFileReference; lastKnownFileType = sourcecode.swift; path = WeatherVC.swift; sourceTree = "<group>"; };
		83E4285A1F135849007532F9 /* Base */ = {isa = PBXFileReference; lastKnownFileType = file.storyboard; name = Base; path = Base.lproj/Main.storyboard; sourceTree = "<group>"; };
		83E4285C1F135849007532F9 /* Assets.xcassets */ = {isa = PBXFileReference; lastKnownFileType = folder.assetcatalog; path = Assets.xcassets; sourceTree = "<group>"; };
		83E4285F1F135849007532F9 /* Base */ = {isa = PBXFileReference; lastKnownFileType = file.storyboard; name = Base; path = Base.lproj/LaunchScreen.storyboard; sourceTree = "<group>"; };
		83E428611F135849007532F9 /* Info.plist */ = {isa = PBXFileReference; lastKnownFileType = text.plist.xml; path = Info.plist; sourceTree = "<group>"; };
		83E428661F135849007532F9 /* WeatherAppTests.xctest */ = {isa = PBXFileReference; explicitFileType = wrapper.cfbundle; includeInIndex = 0; path = WeatherAppTests.xctest; sourceTree = BUILT_PRODUCTS_DIR; };
		83E4286A1F135849007532F9 /* WeatherAppTests.swift */ = {isa = PBXFileReference; lastKnownFileType = sourcecode.swift; path = WeatherAppTests.swift; sourceTree = "<group>"; };
		83E4286C1F135849007532F9 /* Info.plist */ = {isa = PBXFileReference; lastKnownFileType = text.plist.xml; path = Info.plist; sourceTree = "<group>"; };
		83E428711F135849007532F9 /* WeatherAppUITests.xctest */ = {isa = PBXFileReference; explicitFileType = wrapper.cfbundle; includeInIndex = 0; path = WeatherAppUITests.xctest; sourceTree = BUILT_PRODUCTS_DIR; };
		83E428751F135849007532F9 /* WeatherAppUITests.swift */ = {isa = PBXFileReference; lastKnownFileType = sourcecode.swift; path = WeatherAppUITests.swift; sourceTree = "<group>"; };
		83E428771F135849007532F9 /* Info.plist */ = {isa = PBXFileReference; lastKnownFileType = text.plist.xml; path = Info.plist; sourceTree = "<group>"; };
		946EA1E29FC82CE75FC767D9 /* Pods-WeatherApp.debug.xcconfig */ = {isa = PBXFileReference; includeInIndex = 1; lastKnownFileType = text.xcconfig; name = "Pods-WeatherApp.debug.xcconfig"; path = "Pods/Target Support Files/Pods-WeatherApp/Pods-WeatherApp.debug.xcconfig"; sourceTree = "<group>"; };
/* End PBXFileReference section */

/* Begin PBXFrameworksBuildPhase section */
		83E4284F1F135849007532F9 /* Frameworks */ = {
			isa = PBXFrameworksBuildPhase;
			buildActionMask = 2147483647;
			files = (
				8D323AC167E33EDE50E30E25 /* Pods_WeatherApp.framework in Frameworks */,
			);
			runOnlyForDeploymentPostprocessing = 0;
		};
		83E428631F135849007532F9 /* Frameworks */ = {
			isa = PBXFrameworksBuildPhase;
			buildActionMask = 2147483647;
			files = (
			);
			runOnlyForDeploymentPostprocessing = 0;
		};
		83E4286E1F135849007532F9 /* Frameworks */ = {
			isa = PBXFrameworksBuildPhase;
			buildActionMask = 2147483647;
			files = (
			);
			runOnlyForDeploymentPostprocessing = 0;
		};
/* End PBXFrameworksBuildPhase section */

/* Begin PBXGroup section */
		6BBD81D17444F0CBAA7390B9 /* Frameworks */ = {
			isa = PBXGroup;
			children = (
				27A5027E8191C4318FB0EA77 /* Pods_WeatherApp.framework */,
			);
			name = Frameworks;
			sourceTree = "<group>";
		};
		8015E1CDB25929D0CB802A0A /* Pods */ = {
			isa = PBXGroup;
			children = (
				946EA1E29FC82CE75FC767D9 /* Pods-WeatherApp.debug.xcconfig */,
				4497F3EA8426083D7C50D13E /* Pods-WeatherApp.release.xcconfig */,
			);
			name = Pods;
			sourceTree = "<group>";
		};
		83E428491F135848007532F9 = {
			isa = PBXGroup;
			children = (
				83E428541F135849007532F9 /* WeatherApp */,
				83E428691F135849007532F9 /* WeatherAppTests */,
				83E428741F135849007532F9 /* WeatherAppUITests */,
				83E428531F135849007532F9 /* Products */,
				8015E1CDB25929D0CB802A0A /* Pods */,
				6BBD81D17444F0CBAA7390B9 /* Frameworks */,
			);
			sourceTree = "<group>";
		};
		83E428531F135849007532F9 /* Products */ = {
			isa = PBXGroup;
			children = (
				83E428521F135849007532F9 /* WeatherApp.app */,
				83E428661F135849007532F9 /* WeatherAppTests.xctest */,
				83E428711F135849007532F9 /* WeatherAppUITests.xctest */,
			);
			name = Products;
			sourceTree = "<group>";
		};
		83E428541F135849007532F9 /* WeatherApp */ = {
			isa = PBXGroup;
			children = (
				83E428551F135849007532F9 /* AppDelegate.swift */,
				83E428591F135849007532F9 /* Main.storyboard */,
				83E4285C1F135849007532F9 /* Assets.xcassets */,
				83E4285E1F135849007532F9 /* LaunchScreen.storyboard */,
				83E428611F135849007532F9 /* Info.plist */,
				8354F62B1F14AAF200AC5EBC /* constants.swift */,
				83E428571F135849007532F9 /* WeatherVC.swift */,
				8354F62D1F14B6CC00AC5EBC /* CurrentWeather.swift */,
				8366B8B61F154BE400162DAA /* Forecast.swift */,
				8366B8B81F1561D400162DAA /* WeatherCell.swift */,
				8366B8BA1F15BEDE00162DAA /* Location.swift */,
			);
			path = WeatherApp;
			sourceTree = "<group>";
		};
		83E428691F135849007532F9 /* WeatherAppTests */ = {
			isa = PBXGroup;
			children = (
				83E4286A1F135849007532F9 /* WeatherAppTests.swift */,
				83E4286C1F135849007532F9 /* Info.plist */,
			);
			path = WeatherAppTests;
			sourceTree = "<group>";
		};
		83E428741F135849007532F9 /* WeatherAppUITests */ = {
			isa = PBXGroup;
			children = (
				83E428751F135849007532F9 /* WeatherAppUITests.swift */,
				83E428771F135849007532F9 /* Info.plist */,
			);
			path = WeatherAppUITests;
			sourceTree = "<group>";
		};
/* End PBXGroup section */

/* Begin PBXNativeTarget section */
		83E428511F135849007532F9 /* WeatherApp */ = {
			isa = PBXNativeTarget;
			buildConfigurationList = 83E4287A1F135849007532F9 /* Build configuration list for PBXNativeTarget "WeatherApp" */;
			buildPhases = (
				40912ACA99EFE396DAEDD928 /* [CP] Check Pods Manifest.lock */,
				83E4284E1F135849007532F9 /* Sources */,
				83E4284F1F135849007532F9 /* Frameworks */,
				83E428501F135849007532F9 /* Resources */,
				1D1C1A63B5856EC18574C16F /* [CP] Embed Pods Frameworks */,
				BCC85F49BCDA8041C124C7E3 /* [CP] Copy Pods Resources */,
			);
			buildRules = (
			);
			dependencies = (
			);
			name = WeatherApp;
			productName = WeatherApp;
			productReference = 83E428521F135849007532F9 /* WeatherApp.app */;
			productType = "com.apple.product-type.application";
		};
		83E428651F135849007532F9 /* WeatherAppTests */ = {
			isa = PBXNativeTarget;
			buildConfigurationList = 83E4287D1F135849007532F9 /* Build configuration list for PBXNativeTarget "WeatherAppTests" */;
			buildPhases = (
				83E428621F135849007532F9 /* Sources */,
				83E428631F135849007532F9 /* Frameworks */,
				83E428641F135849007532F9 /* Resources */,
			);
			buildRules = (
			);
			dependencies = (
				83E428681F135849007532F9 /* PBXTargetDependency */,
			);
			name = WeatherAppTests;
			productName = WeatherAppTests;
			productReference = 83E428661F135849007532F9 /* WeatherAppTests.xctest */;
			productType = "com.apple.product-type.bundle.unit-test";
		};
		83E428701F135849007532F9 /* WeatherAppUITests */ = {
			isa = PBXNativeTarget;
			buildConfigurationList = 83E428801F135849007532F9 /* Build configuration list for PBXNativeTarget "WeatherAppUITests" */;
			buildPhases = (
				83E4286D1F135849007532F9 /* Sources */,
				83E4286E1F135849007532F9 /* Frameworks */,
				83E4286F1F135849007532F9 /* Resources */,
			);
			buildRules = (
			);
			dependencies = (
				83E428731F135849007532F9 /* PBXTargetDependency */,
			);
			name = WeatherAppUITests;
			productName = WeatherAppUITests;
			productReference = 83E428711F135849007532F9 /* WeatherAppUITests.xctest */;
			productType = "com.apple.product-type.bundle.ui-testing";
		};
/* End PBXNativeTarget section */

/* Begin PBXProject section */
		83E4284A1F135848007532F9 /* Project object */ = {
			isa = PBXProject;
			attributes = {
				LastSwiftUpdateCheck = 0830;
				LastUpgradeCheck = 0830;
				ORGANIZATIONNAME = "Chris Olson";
				TargetAttributes = {
					83E428511F135849007532F9 = {
						CreatedOnToolsVersion = 8.3.3;
						ProvisioningStyle = Automatic;
					};
					83E428651F135849007532F9 = {
						CreatedOnToolsVersion = 8.3.3;
						ProvisioningStyle = Automatic;
						TestTargetID = 83E428511F135849007532F9;
					};
					83E428701F135849007532F9 = {
						CreatedOnToolsVersion = 8.3.3;
						ProvisioningStyle = Automatic;
						TestTargetID = 83E428511F135849007532F9;
					};
				};
			};
			buildConfigurationList = 83E4284D1F135848007532F9 /* Build configuration list for PBXProject "WeatherApp" */;
			compatibilityVersion = "Xcode 3.2";
			developmentRegion = English;
			hasScannedForEncodings = 0;
			knownRegions = (
				en,
				Base,
			);
			mainGroup = 83E428491F135848007532F9;
			productRefGroup = 83E428531F135849007532F9 /* Products */;
			projectDirPath = "";
			projectRoot = "";
			targets = (
				83E428511F135849007532F9 /* WeatherApp */,
				83E428651F135849007532F9 /* WeatherAppTests */,
				83E428701F135849007532F9 /* WeatherAppUITests */,
			);
		};
/* End PBXProject section */

/* Begin PBXResourcesBuildPhase section */
		83E428501F135849007532F9 /* Resources */ = {
			isa = PBXResourcesBuildPhase;
			buildActionMask = 2147483647;
			files = (
				83E428601F135849007532F9 /* LaunchScreen.storyboard in Resources */,
				83E4285D1F135849007532F9 /* Assets.xcassets in Resources */,
				83E4285B1F135849007532F9 /* Main.storyboard in Resources */,
			);
			runOnlyForDeploymentPostprocessing = 0;
		};
		83E428641F135849007532F9 /* Resources */ = {
			isa = PBXResourcesBuildPhase;
			buildActionMask = 2147483647;
			files = (
			);
			runOnlyForDeploymentPostprocessing = 0;
		};
		83E4286F1F135849007532F9 /* Resources */ = {
			isa = PBXResourcesBuildPhase;
			buildActionMask = 2147483647;
			files = (
			);
			runOnlyForDeploymentPostprocessing = 0;
		};
/* End PBXResourcesBuildPhase section */

/* Begin PBXShellScriptBuildPhase section */
		1D1C1A63B5856EC18574C16F /* [CP] Embed Pods Frameworks */ = {
			isa = PBXShellScriptBuildPhase;
			buildActionMask = 2147483647;
			files = (
			);
			inputPaths = (
			);
			name = "[CP] Embed Pods Frameworks";
			outputPaths = (
			);
			runOnlyForDeploymentPostprocessing = 0;
			shellPath = /bin/sh;
			shellScript = "\"${SRCROOT}/Pods/Target Support Files/Pods-WeatherApp/Pods-WeatherApp-frameworks.sh\"\n";
			showEnvVarsInLog = 0;
		};
		40912ACA99EFE396DAEDD928 /* [CP] Check Pods Manifest.lock */ = {
			isa = PBXShellScriptBuildPhase;
			buildActionMask = 2147483647;
			files = (
			);
			inputPaths = (
			);
			name = "[CP] Check Pods Manifest.lock";
			outputPaths = (
			);
			runOnlyForDeploymentPostprocessing = 0;
			shellPath = /bin/sh;
			shellScript = "diff \"${PODS_PODFILE_DIR_PATH}/Podfile.lock\" \"${PODS_ROOT}/Manifest.lock\" > /dev/null\nif [ $? != 0 ] ; then\n    # print error to STDERR\n    echo \"error: The sandbox is not in sync with the Podfile.lock. Run 'pod install' or update your CocoaPods installation.\" >&2\n    exit 1\nfi\n";
			showEnvVarsInLog = 0;
		};
		BCC85F49BCDA8041C124C7E3 /* [CP] Copy Pods Resources */ = {
			isa = PBXShellScriptBuildPhase;
			buildActionMask = 2147483647;
			files = (
			);
			inputPaths = (
			);
			name = "[CP] Copy Pods Resources";
			outputPaths = (
			);
			runOnlyForDeploymentPostprocessing = 0;
			shellPath = /bin/sh;
			shellScript = "\"${SRCROOT}/Pods/Target Support Files/Pods-WeatherApp/Pods-WeatherApp-resources.sh\"\n";
			showEnvVarsInLog = 0;
		};
/* End PBXShellScriptBuildPhase section */

/* Begin PBXSourcesBuildPhase section */
		83E4284E1F135849007532F9 /* Sources */ = {
			isa = PBXSourcesBuildPhase;
			buildActionMask = 2147483647;
			files = (
				83E428581F135849007532F9 /* WeatherVC.swift in Sources */,
				83E428561F135849007532F9 /* AppDelegate.swift in Sources */,
				8366B8B91F1561D400162DAA /* WeatherCell.swift in Sources */,
				8354F62E1F14B6CC00AC5EBC /* CurrentWeather.swift in Sources */,
				8354F62C1F14AAF200AC5EBC /* constants.swift in Sources */,
				8366B8B71F154BE400162DAA /* Forecast.swift in Sources */,
				8366B8BB1F15BEDE00162DAA /* Location.swift in Sources */,
			);
			runOnlyForDeploymentPostprocessing = 0;
		};
		83E428621F135849007532F9 /* Sources */ = {
			isa = PBXSourcesBuildPhase;
			buildActionMask = 2147483647;
			files = (
				83E4286B1F135849007532F9 /* WeatherAppTests.swift in Sources */,
			);
			runOnlyForDeploymentPostprocessing = 0;
		};
		83E4286D1F135849007532F9 /* Sources */ = {
			isa = PBXSourcesBuildPhase;
			buildActionMask = 2147483647;
			files = (
				83E428761F135849007532F9 /* WeatherAppUITests.swift in Sources */,
			);
			runOnlyForDeploymentPostprocessing = 0;
		};
/* End PBXSourcesBuildPhase section */

/* Begin PBXTargetDependency section */
		83E428681F135849007532F9 /* PBXTargetDependency */ = {
			isa = PBXTargetDependency;
			target = 83E428511F135849007532F9 /* WeatherApp */;
			targetProxy = 83E428671F135849007532F9 /* PBXContainerItemProxy */;
		};
		83E428731F135849007532F9 /* PBXTargetDependency */ = {
			isa = PBXTargetDependency;
			target = 83E428511F135849007532F9 /* WeatherApp */;
			targetProxy = 83E428721F135849007532F9 /* PBXContainerItemProxy */;
		};
/* End PBXTargetDependency section */

/* Begin PBXVariantGroup section */
		83E428591F135849007532F9 /* Main.storyboard */ = {
			isa = PBXVariantGroup;
			children = (
				83E4285A1F135849007532F9 /* Base */,
			);
			name = Main.storyboard;
			sourceTree = "<group>";
		};
		83E4285E1F135849007532F9 /* LaunchScreen.storyboard */ = {
			isa = PBXVariantGroup;
			children = (
				83E4285F1F135849007532F9 /* Base */,
			);
			name = LaunchScreen.storyboard;
			sourceTree = "<group>";
		};
/* End PBXVariantGroup section */

/* Begin XCBuildConfiguration section */
		83E428781F135849007532F9 /* Debug */ = {
			isa = XCBuildConfiguration;
			buildSettings = {
				ALWAYS_SEARCH_USER_PATHS = NO;
				CLANG_ANALYZER_NONNULL = YES;
				CLANG_ANALYZER_NUMBER_OBJECT_CONVERSION = YES_AGGRESSIVE;
				CLANG_CXX_LANGUAGE_STANDARD = "gnu++0x";
				CLANG_CXX_LIBRARY = "libc++";
				CLANG_ENABLE_MODULES = YES;
				CLANG_ENABLE_OBJC_ARC = YES;
				CLANG_WARN_BOOL_CONVERSION = YES;
				CLANG_WARN_CONSTANT_CONVERSION = YES;
				CLANG_WARN_DIRECT_OBJC_ISA_USAGE = YES_ERROR;
				CLANG_WARN_DOCUMENTATION_COMMENTS = YES;
				CLANG_WARN_EMPTY_BODY = YES;
				CLANG_WARN_ENUM_CONVERSION = YES;
				CLANG_WARN_INFINITE_RECURSION = YES;
				CLANG_WARN_INT_CONVERSION = YES;
				CLANG_WARN_OBJC_ROOT_CLASS = YES_ERROR;
				CLANG_WARN_SUSPICIOUS_MOVE = YES;
				CLANG_WARN_UNREACHABLE_CODE = YES;
				CLANG_WARN__DUPLICATE_METHOD_MATCH = YES;
				"CODE_SIGN_IDENTITY[sdk=iphoneos*]" = "iPhone Developer";
				COPY_PHASE_STRIP = NO;
				DEBUG_INFORMATION_FORMAT = dwarf;
				ENABLE_STRICT_OBJC_MSGSEND = YES;
				ENABLE_TESTABILITY = YES;
				GCC_C_LANGUAGE_STANDARD = gnu99;
				GCC_DYNAMIC_NO_PIC = NO;
				GCC_NO_COMMON_BLOCKS = YES;
				GCC_OPTIMIZATION_LEVEL = 0;
				GCC_PREPROCESSOR_DEFINITIONS = (
					"DEBUG=1",
					"$(inherited)",
				);
				GCC_WARN_64_TO_32_BIT_CONVERSION = YES;
				GCC_WARN_ABOUT_RETURN_TYPE = YES_ERROR;
				GCC_WARN_UNDECLARED_SELECTOR = YES;
				GCC_WARN_UNINITIALIZED_AUTOS = YES_AGGRESSIVE;
				GCC_WARN_UNUSED_FUNCTION = YES;
				GCC_WARN_UNUSED_VARIABLE = YES;
				IPHONEOS_DEPLOYMENT_TARGET = 10.3;
				MTL_ENABLE_DEBUG_INFO = YES;
				ONLY_ACTIVE_ARCH = YES;
				SDKROOT = iphoneos;
				SWIFT_ACTIVE_COMPILATION_CONDITIONS = DEBUG;
				SWIFT_OPTIMIZATION_LEVEL = "-Onone";
				TARGETED_DEVICE_FAMILY = "1,2";
			};
			name = Debug;
		};
		83E428791F135849007532F9 /* Release */ = {
			isa = XCBuildConfiguration;
			buildSettings = {
				ALWAYS_SEARCH_USER_PATHS = NO;
				CLANG_ANALYZER_NONNULL = YES;
				CLANG_ANALYZER_NUMBER_OBJECT_CONVERSION = YES_AGGRESSIVE;
				CLANG_CXX_LANGUAGE_STANDARD = "gnu++0x";
				CLANG_CXX_LIBRARY = "libc++";
				CLANG_ENABLE_MODULES = YES;
				CLANG_ENABLE_OBJC_ARC = YES;
				CLANG_WARN_BOOL_CONVERSION = YES;
				CLANG_WARN_CONSTANT_CONVERSION = YES;
				CLANG_WARN_DIRECT_OBJC_ISA_USAGE = YES_ERROR;
				CLANG_WARN_DOCUMENTATION_COMMENTS = YES;
				CLANG_WARN_EMPTY_BODY = YES;
				CLANG_WARN_ENUM_CONVERSION = YES;
				CLANG_WARN_INFINITE_RECURSION = YES;
				CLANG_WARN_INT_CONVERSION = YES;
				CLANG_WARN_OBJC_ROOT_CLASS = YES_ERROR;
				CLANG_WARN_SUSPICIOUS_MOVE = YES;
				CLANG_WARN_UNREACHABLE_CODE = YES;
				CLANG_WARN__DUPLICATE_METHOD_MATCH = YES;
				"CODE_SIGN_IDENTITY[sdk=iphoneos*]" = "iPhone Developer";
				COPY_PHASE_STRIP = NO;
				DEBUG_INFORMATION_FORMAT = "dwarf-with-dsym";
				ENABLE_NS_ASSERTIONS = NO;
				ENABLE_STRICT_OBJC_MSGSEND = YES;
				GCC_C_LANGUAGE_STANDARD = gnu99;
				GCC_NO_COMMON_BLOCKS = YES;
				GCC_WARN_64_TO_32_BIT_CONVERSION = YES;
				GCC_WARN_ABOUT_RETURN_TYPE = YES_ERROR;
				GCC_WARN_UNDECLARED_SELECTOR = YES;
				GCC_WARN_UNINITIALIZED_AUTOS = YES_AGGRESSIVE;
				GCC_WARN_UNUSED_FUNCTION = YES;
				GCC_WARN_UNUSED_VARIABLE = YES;
				IPHONEOS_DEPLOYMENT_TARGET = 10.3;
				MTL_ENABLE_DEBUG_INFO = NO;
				SDKROOT = iphoneos;
				SWIFT_OPTIMIZATION_LEVEL = "-Owholemodule";
				TARGETED_DEVICE_FAMILY = "1,2";
				VALIDATE_PRODUCT = YES;
			};
			name = Release;
		};
		83E4287B1F135849007532F9 /* Debug */ = {
			isa = XCBuildConfiguration;
			baseConfigurationReference = 946EA1E29FC82CE75FC767D9 /* Pods-WeatherApp.debug.xcconfig */;
			buildSettings = {
				ASSETCATALOG_COMPILER_APPICON_NAME = AppIcon;
				INFOPLIST_FILE = WeatherApp/Info.plist;
				LD_RUNPATH_SEARCH_PATHS = "$(inherited) @executable_path/Frameworks";
				PRODUCT_BUNDLE_IDENTIFIER = CEO.WeatherApp;
				PRODUCT_NAME = "$(TARGET_NAME)";
				SWIFT_VERSION = 3.0;
			};
			name = Debug;
		};
		83E4287C1F135849007532F9 /* Release */ = {
			isa = XCBuildConfiguration;
			baseConfigurationReference = 4497F3EA8426083D7C50D13E /* Pods-WeatherApp.release.xcconfig */;
			buildSettings = {
				ASSETCATALOG_COMPILER_APPICON_NAME = AppIcon;
				INFOPLIST_FILE = WeatherApp/Info.plist;
				LD_RUNPATH_SEARCH_PATHS = "$(inherited) @executable_path/Frameworks";
				PRODUCT_BUNDLE_IDENTIFIER = CEO.WeatherApp;
				PRODUCT_NAME = "$(TARGET_NAME)";
				SWIFT_VERSION = 3.0;
			};
			name = Release;
		};
		83E4287E1F135849007532F9 /* Debug */ = {
			isa = XCBuildConfiguration;
			buildSettings = {
				ALWAYS_EMBED_SWIFT_STANDARD_LIBRARIES = YES;
				BUNDLE_LOADER = "$(TEST_HOST)";
				INFOPLIST_FILE = WeatherAppTests/Info.plist;
				LD_RUNPATH_SEARCH_PATHS = "$(inherited) @executable_path/Frameworks @loader_path/Frameworks";
				PRODUCT_BUNDLE_IDENTIFIER = CEO.WeatherAppTests;
				PRODUCT_NAME = "$(TARGET_NAME)";
				SWIFT_VERSION = 3.0;
				TEST_HOST = "$(BUILT_PRODUCTS_DIR)/WeatherApp.app/WeatherApp";
			};
			name = Debug;
		};
		83E4287F1F135849007532F9 /* Release */ = {
			isa = XCBuildConfiguration;
			buildSettings = {
				ALWAYS_EMBED_SWIFT_STANDARD_LIBRARIES = YES;
				BUNDLE_LOADER = "$(TEST_HOST)";
				INFOPLIST_FILE = WeatherAppTests/Info.plist;
				LD_RUNPATH_SEARCH_PATHS = "$(inherited) @executable_path/Frameworks @loader_path/Frameworks";
				PRODUCT_BUNDLE_IDENTIFIER = CEO.WeatherAppTests;
				PRODUCT_NAME = "$(TARGET_NAME)";
				SWIFT_VERSION = 3.0;
				TEST_HOST = "$(BUILT_PRODUCTS_DIR)/WeatherApp.app/WeatherApp";
			};
			name = Release;
		};
		83E428811F135849007532F9 /* Debug */ = {
			isa = XCBuildConfiguration;
			buildSettings = {
				ALWAYS_EMBED_SWIFT_STANDARD_LIBRARIES = YES;
				INFOPLIST_FILE = WeatherAppUITests/Info.plist;
				LD_RUNPATH_SEARCH_PATHS = "$(inherited) @executable_path/Frameworks @loader_path/Frameworks";
				PRODUCT_BUNDLE_IDENTIFIER = CEO.WeatherAppUITests;
				PRODUCT_NAME = "$(TARGET_NAME)";
				SWIFT_VERSION = 3.0;
				TEST_TARGET_NAME = WeatherApp;
			};
			name = Debug;
		};
		83E428821F135849007532F9 /* Release */ = {
			isa = XCBuildConfiguration;
			buildSettings = {
				ALWAYS_EMBED_SWIFT_STANDARD_LIBRARIES = YES;
				INFOPLIST_FILE = WeatherAppUITests/Info.plist;
				LD_RUNPATH_SEARCH_PATHS = "$(inherited) @executable_path/Frameworks @loader_path/Frameworks";
				PRODUCT_BUNDLE_IDENTIFIER = CEO.WeatherAppUITests;
				PRODUCT_NAME = "$(TARGET_NAME)";
				SWIFT_VERSION = 3.0;
				TEST_TARGET_NAME = WeatherApp;
			};
			name = Release;
		};
/* End XCBuildConfiguration section */

/* Begin XCConfigurationList section */
		83E4284D1F135848007532F9 /* Build configuration list for PBXProject "WeatherApp" */ = {
			isa = XCConfigurationList;
			buildConfigurations = (
				83E428781F135849007532F9 /* Debug */,
				83E428791F135849007532F9 /* Release */,
			);
			defaultConfigurationIsVisible = 0;
			defaultConfigurationName = Release;
		};
		83E4287A1F135849007532F9 /* Build configuration list for PBXNativeTarget "WeatherApp" */ = {
			isa = XCConfigurationList;
			buildConfigurations = (
				83E4287B1F135849007532F9 /* Debug */,
				83E4287C1F135849007532F9 /* Release */,
			);
			defaultConfigurationIsVisible = 0;
			defaultConfigurationName = Release;
		};
		83E4287D1F135849007532F9 /* Build configuration list for PBXNativeTarget "WeatherAppTests" */ = {
			isa = XCConfigurationList;
			buildConfigurations = (
				83E4287E1F135849007532F9 /* Debug */,
				83E4287F1F135849007532F9 /* Release */,
			);
			defaultConfigurationIsVisible = 0;
			defaultConfigurationName = Release;
		};
		83E428801F135849007532F9 /* Build configuration list for PBXNativeTarget "WeatherAppUITests" */ = {
			isa = XCConfigurationList;
			buildConfigurations = (
				83E428811F135849007532F9 /* Debug */,
				83E428821F135849007532F9 /* Release */,
			);
			defaultConfigurationIsVisible = 0;
			defaultConfigurationName = Release;
		};
/* End XCConfigurationList section */
	};
	rootObject = 83E4284A1F135848007532F9 /* Project object */;
}
